
Microsoft Visual Studio Solution File, Format Version 12.00
# Visual Studio Version 16
VisualStudioVersion = 16.0.30204.135
MinimumVisualStudioVersion = 10.0.40219.1
Project("{FAE04EC0-301F-11D3-BF4B-00C04F79EFBC}") = "CentroDeTurnos", "CentroDeTurnos\CentroDeTurnos.csproj", "{0D3B4A64-AC28-4435-848E-95136A1FF73F}"
EndProject
Global
	GlobalSection(SolutionConfigurationPlatforms) = preSolution
		Debug|Any CPU = Debug|Any CPU
		Release|Any CPU = Release|Any CPU
	EndGlobalSection
	GlobalSection(ProjectConfigurationPlatforms) = postSolution
		{0D3B4A64-AC28-4435-848E-95136A1FF73F}.Debug|Any CPU.ActiveCfg = Debug|Any CPU
		{0D3B4A64-AC28-4435-848E-95136A1FF73F}.Debug|Any CPU.Build.0 = Debug|Any CPU
		{0D3B4A64-AC28-4435-848E-95136A1FF73F}.Release|Any CPU.ActiveCfg = Release|Any CPU
		{0D3B4A64-AC28-4435-848E-95136A1FF73F}.Release|Any CPU.Build.0 = Release|Any CPU
	EndGlobalSection
	GlobalSection(SolutionProperties) = preSolution
		HideSolutionNode = FALSE
	EndGlobalSection
	GlobalSection(ExtensibilityGlobals) = postSolution
		SolutionGuid = {C9697CE2-0C88-4DFB-AB9F-52056DDC8FF4}
	EndGlobalSection
EndGlobal
